
Microsoft Visual Studio Solution File, Format Version 12.00
# Visual Studio Version 17
VisualStudioVersion = 17.7.34024.191
MinimumVisualStudioVersion = 10.0.40219.1
Project("{9A19103F-16F7-4668-BE54-9A1E7A4F7556}") = "14LongestCommonPrefix", "src\14LongestCommonPrefix\14LongestCommonPrefix.csproj", "{20E564F6-6C55-453F-941A-12FB5B5C60B1}"
EndProject
Project("{9A19103F-16F7-4668-BE54-9A1E7A4F7556}") = "14LongestCommonPrefix.Test", "src\14LongestCommonPrefix.Test\14LongestCommonPrefix.Test.csproj", "{EEBCE3C9-57FB-4335-A6B4-FCFF8431DFA3}"
EndProject
Project("{FAE04EC0-301F-11D3-BF4B-00C04F79EFBC}") = "1TwoSum", "src\1TwoSum\1TwoSum.csproj", "{3042B042-E09A-453C-AD9E-0DC459BAAD1E}"
EndProject
Project("{FAE04EC0-301F-11D3-BF4B-00C04F79EFBC}") = "1TwoSum.Test", "src\1TwoSum.Test\1TwoSum.Test.csproj", "{12B48FE5-1771-4215-A2A6-B38A9EF8CFF2}"
EndProject
Global
	GlobalSection(SolutionConfigurationPlatforms) = preSolution
		Debug|Any CPU = Debug|Any CPU
		Release|Any CPU = Release|Any CPU
	EndGlobalSection
	GlobalSection(ProjectConfigurationPlatforms) = postSolution
		{20E564F6-6C55-453F-941A-12FB5B5C60B1}.Debug|Any CPU.ActiveCfg = Debug|Any CPU
		{20E564F6-6C55-453F-941A-12FB5B5C60B1}.Debug|Any CPU.Build.0 = Debug|Any CPU
		{20E564F6-6C55-453F-941A-12FB5B5C60B1}.Release|Any CPU.ActiveCfg = Release|Any CPU
		{20E564F6-6C55-453F-941A-12FB5B5C60B1}.Release|Any CPU.Build.0 = Release|Any CPU
		{EEBCE3C9-57FB-4335-A6B4-FCFF8431DFA3}.Debug|Any CPU.ActiveCfg = Debug|Any CPU
		{EEBCE3C9-57FB-4335-A6B4-FCFF8431DFA3}.Debug|Any CPU.Build.0 = Debug|Any CPU
		{EEBCE3C9-57FB-4335-A6B4-FCFF8431DFA3}.Release|Any CPU.ActiveCfg = Release|Any CPU
		{EEBCE3C9-57FB-4335-A6B4-FCFF8431DFA3}.Release|Any CPU.Build.0 = Release|Any CPU
		{3042B042-E09A-453C-AD9E-0DC459BAAD1E}.Debug|Any CPU.ActiveCfg = Debug|Any CPU
		{3042B042-E09A-453C-AD9E-0DC459BAAD1E}.Debug|Any CPU.Build.0 = Debug|Any CPU
		{3042B042-E09A-453C-AD9E-0DC459BAAD1E}.Release|Any CPU.ActiveCfg = Release|Any CPU
		{3042B042-E09A-453C-AD9E-0DC459BAAD1E}.Release|Any CPU.Build.0 = Release|Any CPU
		{12B48FE5-1771-4215-A2A6-B38A9EF8CFF2}.Debug|Any CPU.ActiveCfg = Debug|Any CPU
		{12B48FE5-1771-4215-A2A6-B38A9EF8CFF2}.Debug|Any CPU.Build.0 = Debug|Any CPU
		{12B48FE5-1771-4215-A2A6-B38A9EF8CFF2}.Release|Any CPU.ActiveCfg = Release|Any CPU
		{12B48FE5-1771-4215-A2A6-B38A9EF8CFF2}.Release|Any CPU.Build.0 = Release|Any CPU
	EndGlobalSection
	GlobalSection(SolutionProperties) = preSolution
		HideSolutionNode = FALSE
	EndGlobalSection
	GlobalSection(ExtensibilityGlobals) = postSolution
		SolutionGuid = {A0775499-130C-450C-BB16-D5ABD47D9818}
	EndGlobalSection
EndGlobal
